
Microsoft Visual Studio Solution File, Format Version 12.00
# Visual Studio Version 16
VisualStudioVersion = 16.0.30717.126
MinimumVisualStudioVersion = 10.0.40219.1
Project("{FAE04EC0-301F-11D3-BF4B-00C04F79EFBC}") = "App.Host.Write", "App.Host.Write\App.Host.Write.csproj", "{4F61CDFA-B12D-46E3-982F-0FCBD38BB41E}"
EndProject
Project("{FAE04EC0-301F-11D3-BF4B-00C04F79EFBC}") = "App.Host.Read", "App.Host.Read\App.Host.Read.csproj", "{960812D3-614A-4423-889C-005AD535939A}"
EndProject
Project("{FAE04EC0-301F-11D3-BF4B-00C04F79EFBC}") = "Common", "Common\Common.csproj", "{AD9FE642-33FB-4BCA-B20A-29E8A49AD6C8}"
EndProject
Global
	GlobalSection(SolutionConfigurationPlatforms) = preSolution
		Debug|Any CPU = Debug|Any CPU
		Release|Any CPU = Release|Any CPU
	EndGlobalSection
	GlobalSection(ProjectConfigurationPlatforms) = postSolution
		{4F61CDFA-B12D-46E3-982F-0FCBD38BB41E}.Debug|Any CPU.ActiveCfg = Debug|Any CPU
		{4F61CDFA-B12D-46E3-982F-0FCBD38BB41E}.Debug|Any CPU.Build.0 = Debug|Any CPU
		{4F61CDFA-B12D-46E3-982F-0FCBD38BB41E}.Release|Any CPU.ActiveCfg = Release|Any CPU
		{4F61CDFA-B12D-46E3-982F-0FCBD38BB41E}.Release|Any CPU.Build.0 = Release|Any CPU
		{960812D3-614A-4423-889C-005AD535939A}.Debug|Any CPU.ActiveCfg = Debug|Any CPU
		{960812D3-614A-4423-889C-005AD535939A}.Debug|Any CPU.Build.0 = Debug|Any CPU
		{960812D3-614A-4423-889C-005AD535939A}.Release|Any CPU.ActiveCfg = Release|Any CPU
		{960812D3-614A-4423-889C-005AD535939A}.Release|Any CPU.Build.0 = Release|Any CPU
		{AD9FE642-33FB-4BCA-B20A-29E8A49AD6C8}.Debug|Any CPU.ActiveCfg = Debug|Any CPU
		{AD9FE642-33FB-4BCA-B20A-29E8A49AD6C8}.Debug|Any CPU.Build.0 = Debug|Any CPU
		{AD9FE642-33FB-4BCA-B20A-29E8A49AD6C8}.Release|Any CPU.ActiveCfg = Release|Any CPU
		{AD9FE642-33FB-4BCA-B20A-29E8A49AD6C8}.Release|Any CPU.Build.0 = Release|Any CPU
	EndGlobalSection
	GlobalSection(SolutionProperties) = preSolution
		HideSolutionNode = FALSE
	EndGlobalSection
	GlobalSection(ExtensibilityGlobals) = postSolution
		SolutionGuid = {F76850A3-5D64-4181-881F-F933A11CB2E7}
	EndGlobalSection
EndGlobal
